// !$*UTF8*$!
{
	archiveVersion = 1;
	classes = {
	};
	objectVersion = 50;
	objects = {

/* Begin PBXBuildFile section */
		C43C95E623CDCACE0042C3B3 /* AppDelegate.m in Sources */ = {isa = PBXBuildFile; fileRef = C43C95E523CDCACE0042C3B3 /* AppDelegate.m */; };
		C43C95E923CDCACE0042C3B3 /* SceneDelegate.m in Sources */ = {isa = PBXBuildFile; fileRef = C43C95E823CDCACE0042C3B3 /* SceneDelegate.m */; };
		C43C95EC23CDCACE0042C3B3 /* ViewController.m in Sources */ = {isa = PBXBuildFile; fileRef = C43C95EB23CDCACE0042C3B3 /* ViewController.m */; };
		C43C95EF23CDCACE0042C3B3 /* Main.storyboard in Resources */ = {isa = PBXBuildFile; fileRef = C43C95ED23CDCACE0042C3B3 /* Main.storyboard */; };
		C43C95F123CDCACF0042C3B3 /* Assets.xcassets in Resources */ = {isa = PBXBuildFile; fileRef = C43C95F023CDCACF0042C3B3 /* Assets.xcassets */; };
		C43C95F423CDCACF0042C3B3 /* LaunchScreen.storyboard in Resources */ = {isa = PBXBuildFile; fileRef = C43C95F223CDCACF0042C3B3 /* LaunchScreen.storyboard */; };
		C43C95F723CDCACF0042C3B3 /* main.m in Sources */ = {isa = PBXBuildFile; fileRef = C43C95F623CDCACF0042C3B3 /* main.m */; };
		C43C960223CDCB7C0042C3B3 /* HeroCoinResources.bundle in Resources */ = {isa = PBXBuildFile; fileRef = C43C960123CDCB7C0042C3B3 /* HeroCoinResources.bundle */; };
		C43C960623CDCBB00042C3B3 /* HeroCoinSDK.podspec in Resources */ = {isa = PBXBuildFile; fileRef = C43C960523CDCBB00042C3B3 /* HeroCoinSDK.podspec */; };
		C43C961023CEF29A0042C3B3 /* HeroCoinSDK.framework in Frameworks */ = {isa = PBXBuildFile; fileRef = C43C960F23CEF29A0042C3B3 /* HeroCoinSDK.framework */; };
/* End PBXBuildFile section */

/* Begin PBXFileReference section */
		C43C95E123CDCACE0042C3B3 /* HeroCoinSDKPod.app */ = {isa = PBXFileReference; explicitFileType = wrapper.application; includeInIndex = 0; path = HeroCoinSDKPod.app; sourceTree = BUILT_PRODUCTS_DIR; };
		C43C95E423CDCACE0042C3B3 /* AppDelegate.h */ = {isa = PBXFileReference; lastKnownFileType = sourcecode.c.h; path = AppDelegate.h; sourceTree = "<group>"; };
		C43C95E523CDCACE0042C3B3 /* AppDelegate.m */ = {isa = PBXFileReference; lastKnownFileType = sourcecode.c.objc; path = AppDelegate.m; sourceTree = "<group>"; };
		C43C95E723CDCACE0042C3B3 /* SceneDelegate.h */ = {isa = PBXFileReference; lastKnownFileType = sourcecode.c.h; path = SceneDelegate.h; sourceTree = "<group>"; };
		C43C95E823CDCACE0042C3B3 /* SceneDelegate.m */ = {isa = PBXFileReference; lastKnownFileType = sourcecode.c.objc; path = SceneDelegate.m; sourceTree = "<group>"; };
		C43C95EA23CDCACE0042C3B3 /* ViewController.h */ = {isa = PBXFileReference; lastKnownFileType = sourcecode.c.h; path = ViewController.h; sourceTree = "<group>"; };
		C43C95EB23CDCACE0042C3B3 /* ViewController.m */ = {isa = PBXFileReference; lastKnownFileType = sourcecode.c.objc; path = ViewController.m; sourceTree = "<group>"; };
		C43C95EE23CDCACE0042C3B3 /* Base */ = {isa = PBXFileReference; lastKnownFileType = file.storyboard; name = Base; path = Base.lproj/Main.storyboard; sourceTree = "<group>"; };
		C43C95F023CDCACF0042C3B3 /* Assets.xcassets */ = {isa = PBXFileReference; lastKnownFileType = folder.assetcatalog; path = Assets.xcassets; sourceTree = "<group>"; };
		C43C95F323CDCACF0042C3B3 /* Base */ = {isa = PBXFileReference; lastKnownFileType = file.storyboard; name = Base; path = Base.lproj/LaunchScreen.storyboard; sourceTree = "<group>"; };
		C43C95F523CDCACF0042C3B3 /* Info.plist */ = {isa = PBXFileReference; lastKnownFileType = text.plist.xml; path = Info.plist; sourceTree = "<group>"; };
		C43C95F623CDCACF0042C3B3 /* main.m */ = {isa = PBXFileReference; lastKnownFileType = sourcecode.c.objc; path = main.m; sourceTree = "<group>"; };
		C43C960123CDCB7C0042C3B3 /* HeroCoinResources.bundle */ = {isa = PBXFileReference; lastKnownFileType = "wrapper.plug-in"; path = HeroCoinResources.bundle; sourceTree = "<group>"; };
		C43C960523CDCBB00042C3B3 /* HeroCoinSDK.podspec */ = {isa = PBXFileReference; fileEncoding = 4; lastKnownFileType = text; path = HeroCoinSDK.podspec; sourceTree = "<group>"; };
		C43C960F23CEF29A0042C3B3 /* HeroCoinSDK.framework */ = {isa = PBXFileReference; lastKnownFileType = wrapper.framework; path = HeroCoinSDK.framework; sourceTree = "<group>"; };
/* End PBXFileReference section */

/* Begin PBXFrameworksBuildPhase section */
		C43C95DE23CDCACE0042C3B3 /* Frameworks */ = {
			isa = PBXFrameworksBuildPhase;
			buildActionMask = 2147483647;
			files = (
				C43C961023CEF29A0042C3B3 /* HeroCoinSDK.framework in Frameworks */,
			);
			runOnlyForDeploymentPostprocessing = 0;
		};
/* End PBXFrameworksBuildPhase section */

/* Begin PBXGroup section */
		C43C95D823CDCACE0042C3B3 = {
			isa = PBXGroup;
			children = (
				C43C960523CDCBB00042C3B3 /* HeroCoinSDK.podspec */,
				C43C95FE23CDCB560042C3B3 /* Assets */,
				C43C95FD23CDCB200042C3B3 /* Classes */,
				C43C95E323CDCACE0042C3B3 /* HeroCoinSDKPod */,
				C43C95E223CDCACE0042C3B3 /* Products */,
			);
			sourceTree = "<group>";
		};
		C43C95E223CDCACE0042C3B3 /* Products */ = {
			isa = PBXGroup;
			children = (
				C43C95E123CDCACE0042C3B3 /* HeroCoinSDKPod.app */,
			);
			name = Products;
			sourceTree = "<group>";
		};
		C43C95E323CDCACE0042C3B3 /* HeroCoinSDKPod */ = {
			isa = PBXGroup;
			children = (
				C43C95E423CDCACE0042C3B3 /* AppDelegate.h */,
				C43C95E523CDCACE0042C3B3 /* AppDelegate.m */,
				C43C95E723CDCACE0042C3B3 /* SceneDelegate.h */,
				C43C95E823CDCACE0042C3B3 /* SceneDelegate.m */,
				C43C95EA23CDCACE0042C3B3 /* ViewController.h */,
				C43C95EB23CDCACE0042C3B3 /* ViewController.m */,
				C43C95ED23CDCACE0042C3B3 /* Main.storyboard */,
				C43C95F023CDCACF0042C3B3 /* Assets.xcassets */,
				C43C95F223CDCACF0042C3B3 /* LaunchScreen.storyboard */,
				C43C95F523CDCACF0042C3B3 /* Info.plist */,
				C43C95F623CDCACF0042C3B3 /* main.m */,
			);
			path = HeroCoinSDKPod;
			sourceTree = "<group>";
		};
		C43C95FD23CDCB200042C3B3 /* Classes */ = {
			isa = PBXGroup;
			children = (
				C43C960F23CEF29A0042C3B3 /* HeroCoinSDK.framework */,
			);
			path = Classes;
			sourceTree = "<group>";
		};
		C43C95FE23CDCB560042C3B3 /* Assets */ = {
			isa = PBXGroup;
			children = (
				C43C960123CDCB7C0042C3B3 /* HeroCoinResources.bundle */,
			);
			path = Assets;
			sourceTree = "<group>";
		};
/* End PBXGroup section */

/* Begin PBXNativeTarget section */
		C43C95E023CDCACE0042C3B3 /* HeroCoinSDKPod */ = {
			isa = PBXNativeTarget;
			buildConfigurationList = C43C95FA23CDCACF0042C3B3 /* Build configuration list for PBXNativeTarget "HeroCoinSDKPod" */;
			buildPhases = (
				C43C95DD23CDCACE0042C3B3 /* Sources */,
				C43C95DE23CDCACE0042C3B3 /* Frameworks */,
				C43C95DF23CDCACE0042C3B3 /* Resources */,
			);
			buildRules = (
			);
			dependencies = (
			);
			name = HeroCoinSDKPod;
			productName = HeroCoinSDKPod;
			productReference = C43C95E123CDCACE0042C3B3 /* HeroCoinSDKPod.app */;
			productType = "com.apple.product-type.application";
		};
/* End PBXNativeTarget section */

/* Begin PBXProject section */
		C43C95D923CDCACE0042C3B3 /* Project object */ = {
			isa = PBXProject;
			attributes = {
				LastUpgradeCheck = 1130;
				ORGANIZATIONNAME = hero;
				TargetAttributes = {
					C43C95E023CDCACE0042C3B3 = {
						CreatedOnToolsVersion = 11.3.1;
					};
				};
			};
			buildConfigurationList = C43C95DC23CDCACE0042C3B3 /* Build configuration list for PBXProject "HeroCoinSDKPod" */;
			compatibilityVersion = "Xcode 9.3";
			developmentRegion = en;
			hasScannedForEncodings = 0;
			knownRegions = (
				en,
				Base,
			);
			mainGroup = C43C95D823CDCACE0042C3B3;
			productRefGroup = C43C95E223CDCACE0042C3B3 /* Products */;
			projectDirPath = "";
			projectRoot = "";
			targets = (
				C43C95E023CDCACE0042C3B3 /* HeroCoinSDKPod */,
			);
		};
/* End PBXProject section */

/* Begin PBXResourcesBuildPhase section */
		C43C95DF23CDCACE0042C3B3 /* Resources */ = {
			isa = PBXResourcesBuildPhase;
			buildActionMask = 2147483647;
			files = (
				C43C95F423CDCACF0042C3B3 /* LaunchScreen.storyboard in Resources */,
				C43C95F123CDCACF0042C3B3 /* Assets.xcassets in Resources */,
				C43C960623CDCBB00042C3B3 /* HeroCoinSDK.podspec in Resources */,
				C43C960223CDCB7C0042C3B3 /* HeroCoinResources.bundle in Resources */,
				C43C95EF23CDCACE0042C3B3 /* Main.storyboard in Resources */,
			);
			runOnlyForDeploymentPostprocessing = 0;
		};
/* End PBXResourcesBuildPhase section */

/* Begin PBXSourcesBuildPhase section */
		C43C95DD23CDCACE0042C3B3 /* Sources */ = {
			isa = PBXSourcesBuildPhase;
			buildActionMask = 2147483647;
			files = (
				C43C95EC23CDCACE0042C3B3 /* ViewController.m in Sources */,
				C43C95E623CDCACE0042C3B3 /* AppDelegate.m in Sources */,
				C43C95F723CDCACF0042C3B3 /* main.m in Sources */,
				C43C95E923CDCACE0042C3B3 /* SceneDelegate.m in Sources */,
			);
			runOnlyForDeploymentPostprocessing = 0;
		};
/* End PBXSourcesBuildPhase section */

/* Begin PBXVariantGroup section */
		C43C95ED23CDCACE0042C3B3 /* Main.storyboard */ = {
			isa = PBXVariantGroup;
			children = (
				C43C95EE23CDCACE0042C3B3 /* Base */,
			);
			name = Main.storyboard;
			sourceTree = "<group>";
		};
		C43C95F223CDCACF0042C3B3 /* LaunchScreen.storyboard */ = {
			isa = PBXVariantGroup;
			children = (
				C43C95F323CDCACF0042C3B3 /* Base */,
			);
			name = LaunchScreen.storyboard;
			sourceTree = "<group>";
		};
/* End PBXVariantGroup section */

/* Begin XCBuildConfiguration section */
		C43C95F823CDCACF0042C3B3 /* Debug */ = {
			isa = XCBuildConfiguration;
			buildSettings = {
				ALWAYS_SEARCH_USER_PATHS = NO;
				CLANG_ANALYZER_NONNULL = YES;
				CLANG_ANALYZER_NUMBER_OBJECT_CONVERSION = YES_AGGRESSIVE;
				CLANG_CXX_LANGUAGE_STANDARD = "gnu++14";
				CLANG_CXX_LIBRARY = "libc++";
				CLANG_ENABLE_MODULES = YES;
				CLANG_ENABLE_OBJC_ARC = YES;
				CLANG_ENABLE_OBJC_WEAK = YES;
				CLANG_WARN_BLOCK_CAPTURE_AUTORELEASING = YES;
				CLANG_WARN_BOOL_CONVERSION = YES;
				CLANG_WARN_COMMA = YES;
				CLANG_WARN_CONSTANT_CONVERSION = YES;
				CLANG_WARN_DEPRECATED_OBJC_IMPLEMENTATIONS = YES;
				CLANG_WARN_DIRECT_OBJC_ISA_USAGE = YES_ERROR;
				CLANG_WARN_DOCUMENTATION_COMMENTS = YES;
				CLANG_WARN_EMPTY_BODY = YES;
				CLANG_WARN_ENUM_CONVERSION = YES;
				CLANG_WARN_INFINITE_RECURSION = YES;
				CLANG_WARN_INT_CONVERSION = YES;
				CLANG_WARN_NON_LITERAL_NULL_CONVERSION = YES;
				CLANG_WARN_OBJC_IMPLICIT_RETAIN_SELF = YES;
				CLANG_WARN_OBJC_LITERAL_CONVERSION = YES;
				CLANG_WARN_OBJC_ROOT_CLASS = YES_ERROR;
				CLANG_WARN_RANGE_LOOP_ANALYSIS = YES;
				CLANG_WARN_STRICT_PROTOTYPES = YES;
				CLANG_WARN_SUSPICIOUS_MOVE = YES;
				CLANG_WARN_UNGUARDED_AVAILABILITY = YES_AGGRESSIVE;
				CLANG_WARN_UNREACHABLE_CODE = YES;
				CLANG_WARN__DUPLICATE_METHOD_MATCH = YES;
				COPY_PHASE_STRIP = NO;
				DEBUG_INFORMATION_FORMAT = dwarf;
				ENABLE_STRICT_OBJC_MSGSEND = YES;
				ENABLE_TESTABILITY = YES;
				GCC_C_LANGUAGE_STANDARD = gnu11;
				GCC_DYNAMIC_NO_PIC = NO;
				GCC_NO_COMMON_BLOCKS = YES;
				GCC_OPTIMIZATION_LEVEL = 0;
				GCC_PREPROCESSOR_DEFINITIONS = (
					"DEBUG=1",
					"$(inherited)",
				);
				GCC_WARN_64_TO_32_BIT_CONVERSION = YES;
				GCC_WARN_ABOUT_RETURN_TYPE = YES_ERROR;
				GCC_WARN_UNDECLARED_SELECTOR = YES;
				GCC_WARN_UNINITIALIZED_AUTOS = YES_AGGRESSIVE;
				GCC_WARN_UNUSED_FUNCTION = YES;
				GCC_WARN_UNUSED_VARIABLE = YES;
				IPHONEOS_DEPLOYMENT_TARGET = 13.2;
				MTL_ENABLE_DEBUG_INFO = INCLUDE_SOURCE;
				MTL_FAST_MATH = YES;
				ONLY_ACTIVE_ARCH = YES;
				SDKROOT = iphoneos;
			};
			name = Debug;
		};
		C43C95F923CDCACF0042C3B3 /* Release */ = {
			isa = XCBuildConfiguration;
			buildSettings = {
				ALWAYS_SEARCH_USER_PATHS = NO;
				CLANG_ANALYZER_NONNULL = YES;
				CLANG_ANALYZER_NUMBER_OBJECT_CONVERSION = YES_AGGRESSIVE;
				CLANG_CXX_LANGUAGE_STANDARD = "gnu++14";
				CLANG_CXX_LIBRARY = "libc++";
				CLANG_ENABLE_MODULES = YES;
				CLANG_ENABLE_OBJC_ARC = YES;
				CLANG_ENABLE_OBJC_WEAK = YES;
				CLANG_WARN_BLOCK_CAPTURE_AUTORELEASING = YES;
				CLANG_WARN_BOOL_CONVERSION = YES;
				CLANG_WARN_COMMA = YES;
				CLANG_WARN_CONSTANT_CONVERSION = YES;
				CLANG_WARN_DEPRECATED_OBJC_IMPLEMENTATIONS = YES;
				CLANG_WARN_DIRECT_OBJC_ISA_USAGE = YES_ERROR;
				CLANG_WARN_DOCUMENTATION_COMMENTS = YES;
				CLANG_WARN_EMPTY_BODY = YES;
				CLANG_WARN_ENUM_CONVERSION = YES;
				CLANG_WARN_INFINITE_RECURSION = YES;
				CLANG_WARN_INT_CONVERSION = YES;
				CLANG_WARN_NON_LITERAL_NULL_CONVERSION = YES;
				CLANG_WARN_OBJC_IMPLICIT_RETAIN_SELF = YES;
				CLANG_WARN_OBJC_LITERAL_CONVERSION = YES;
				CLANG_WARN_OBJC_ROOT_CLASS = YES_ERROR;
				CLANG_WARN_RANGE_LOOP_ANALYSIS = YES;
				CLANG_WARN_STRICT_PROTOTYPES = YES;
				CLANG_WARN_SUSPICIOUS_MOVE = YES;
				CLANG_WARN_UNGUARDED_AVAILABILITY = YES_AGGRESSIVE;
				CLANG_WARN_UNREACHABLE_CODE = YES;
				CLANG_WARN__DUPLICATE_METHOD_MATCH = YES;
				COPY_PHASE_STRIP = NO;
				DEBUG_INFORMATION_FORMAT = "dwarf-with-dsym";
				ENABLE_NS_ASSERTIONS = NO;
				ENABLE_STRICT_OBJC_MSGSEND = YES;
				GCC_C_LANGUAGE_STANDARD = gnu11;
				GCC_NO_COMMON_BLOCKS = YES;
				GCC_WARN_64_TO_32_BIT_CONVERSION = YES;
				GCC_WARN_ABOUT_RETURN_TYPE = YES_ERROR;
				GCC_WARN_UNDECLARED_SELECTOR = YES;
				GCC_WARN_UNINITIALIZED_AUTOS = YES_AGGRESSIVE;
				GCC_WARN_UNUSED_FUNCTION = YES;
				GCC_WARN_UNUSED_VARIABLE = YES;
				IPHONEOS_DEPLOYMENT_TARGET = 13.2;
				MTL_ENABLE_DEBUG_INFO = NO;
				MTL_FAST_MATH = YES;
				SDKROOT = iphoneos;
				VALIDATE_PRODUCT = YES;
			};
			name = Release;
		};
		C43C95FB23CDCACF0042C3B3 /* Debug */ = {
			isa = XCBuildConfiguration;
			buildSettings = {
				ASSETCATALOG_COMPILER_APPICON_NAME = AppIcon;
				CODE_SIGN_STYLE = Automatic;
				DEVELOPMENT_TEAM = 3BCAF5M7TY;
				FRAMEWORK_SEARCH_PATHS = (
					"$(inherited)",
					"$(PROJECT_DIR)/Classes",
				);
				INFOPLIST_FILE = HeroCoinSDKPod/Info.plist;
				IPHONEOS_DEPLOYMENT_TARGET = 13.2;
				LD_RUNPATH_SEARCH_PATHS = (
					"$(inherited)",
					"@executable_path/Frameworks",
				);
				MARKETING_VERSION = 1.0;
				PRODUCT_BUNDLE_IDENTIFIER = com..HeroCoinSDKPod;
				PRODUCT_NAME = "$(TARGET_NAME)";
				TARGETED_DEVICE_FAMILY = "1,2";
			};
			name = Debug;
		};
		C43C95FC23CDCACF0042C3B3 /* Release */ = {
			isa = XCBuildConfiguration;
			buildSettings = {
				ASSETCATALOG_COMPILER_APPICON_NAME = AppIcon;
				CODE_SIGN_STYLE = Automatic;
				DEVELOPMENT_TEAM = 3BCAF5M7TY;
				FRAMEWORK_SEARCH_PATHS = (
					"$(inherited)",
					"$(PROJECT_DIR)/Classes",
				);
				INFOPLIST_FILE = HeroCoinSDKPod/Info.plist;
				IPHONEOS_DEPLOYMENT_TARGET = 13.2;
				LD_RUNPATH_SEARCH_PATHS = (
					"$(inherited)",
					"@executable_path/Frameworks",
				);
				MARKETING_VERSION = 1.0;
				PRODUCT_BUNDLE_IDENTIFIER = com..HeroCoinSDKPod;
				PRODUCT_NAME = "$(TARGET_NAME)";
				TARGETED_DEVICE_FAMILY = "1,2";
			};
			name = Release;
		};
/* End XCBuildConfiguration section */

/* Begin XCConfigurationList section */
		C43C95DC23CDCACE0042C3B3 /* Build configuration list for PBXProject "HeroCoinSDKPod" */ = {
			isa = XCConfigurationList;
			buildConfigurations = (
				C43C95F823CDCACF0042C3B3 /* Debug */,
				C43C95F923CDCACF0042C3B3 /* Release */,
			);
			defaultConfigurationIsVisible = 0;
			defaultConfigurationName = Release;
		};
		C43C95FA23CDCACF0042C3B3 /* Build configuration list for PBXNativeTarget "HeroCoinSDKPod" */ = {
			isa = XCConfigurationList;
			buildConfigurations = (
				C43C95FB23CDCACF0042C3B3 /* Debug */,
				C43C95FC23CDCACF0042C3B3 /* Release */,
			);
			defaultConfigurationIsVisible = 0;
			defaultConfigurationName = Release;
		};
/* End XCConfigurationList section */
	};
	rootObject = C43C95D923CDCACE0042C3B3 /* Project object */;
}
